
Microsoft Visual Studio Solution File, Format Version 12.00
# Visual Studio Version 17
VisualStudioVersion = 17.14.36327.8
MinimumVisualStudioVersion = 10.0.40219.1
Project("{FAE04EC0-301F-11D3-BF4B-00C04F79EFBC}") = "SMSPools_App", "SMSPools_App\SMSPools_App.csproj", "{7B02AAEC-5950-4006-8310-2FDB41AFAB96}"
EndProject
Global
	GlobalSection(SolutionConfigurationPlatforms) = preSolution
		Debug|Any CPU = Debug|Any CPU
		Release|Any CPU = Release|Any CPU
	EndGlobalSection
	GlobalSection(ProjectConfigurationPlatforms) = postSolution
		{7B02AAEC-5950-4006-8310-2FDB41AFAB96}.Debug|Any CPU.ActiveCfg = Debug|Any CPU
		{7B02AAEC-5950-4006-8310-2FDB41AFAB96}.Debug|Any CPU.Build.0 = Debug|Any CPU
		{7B02AAEC-5950-4006-8310-2FDB41AFAB96}.Release|Any CPU.ActiveCfg = Release|Any CPU
		{7B02AAEC-5950-4006-8310-2FDB41AFAB96}.Release|Any CPU.Build.0 = Release|Any CPU
	EndGlobalSection
	GlobalSection(SolutionProperties) = preSolution
		HideSolutionNode = FALSE
	EndGlobalSection
	GlobalSection(ExtensibilityGlobals) = postSolution
		SolutionGuid = {C5F1323F-E280-405F-9188-68BFE6B63853}
	EndGlobalSection
EndGlobal
